
Microsoft Visual Studio Solution File, Format Version 12.00
# Visual Studio Version 17
VisualStudioVersion = 17.5.33627.172
MinimumVisualStudioVersion = 10.0.40219.1
Project("{FAE04EC0-301F-11D3-BF4B-00C04F79EFBC}") = "Lab1 Q3", "Lab1 Q3.csproj", "{EE7761A4-DC70-4B6A-9DFB-03BB903D71C8}"
EndProject
Global
	GlobalSection(SolutionConfigurationPlatforms) = preSolution
		Debug|Any CPU = Debug|Any CPU
		Release|Any CPU = Release|Any CPU
	EndGlobalSection
	GlobalSection(ProjectConfigurationPlatforms) = postSolution
		{EE7761A4-DC70-4B6A-9DFB-03BB903D71C8}.Debug|Any CPU.ActiveCfg = Debug|Any CPU
		{EE7761A4-DC70-4B6A-9DFB-03BB903D71C8}.Debug|Any CPU.Build.0 = Debug|Any CPU
		{EE7761A4-DC70-4B6A-9DFB-03BB903D71C8}.Release|Any CPU.ActiveCfg = Release|Any CPU
		{EE7761A4-DC70-4B6A-9DFB-03BB903D71C8}.Release|Any CPU.Build.0 = Release|Any CPU
	EndGlobalSection
	GlobalSection(SolutionProperties) = preSolution
		HideSolutionNode = FALSE
	EndGlobalSection
	GlobalSection(ExtensibilityGlobals) = postSolution
		SolutionGuid = {C2214C82-AA7B-40AE-BDCF-D3E8B5A83E29}
	EndGlobalSection
EndGlobal
